
Microsoft Visual Studio Solution File, Format Version 12.00
# Visual Studio Version 17
VisualStudioVersion = 17.3.32922.545
MinimumVisualStudioVersion = 10.0.40219.1
Project("{888888A0-9F3D-457C-B088-3A5042F75D52}") = "Dog-No-Dog", "Dog-No-Dog\Dog-No-Dog.pyproj", "{8D487B94-3D07-4D06-AAFB-4A1F108A6DDA}"
EndProject
Global
	GlobalSection(SolutionConfigurationPlatforms) = preSolution
		Debug|Any CPU = Debug|Any CPU
		Release|Any CPU = Release|Any CPU
	EndGlobalSection
	GlobalSection(ProjectConfigurationPlatforms) = postSolution
		{8D487B94-3D07-4D06-AAFB-4A1F108A6DDA}.Debug|Any CPU.ActiveCfg = Debug|Any CPU
		{8D487B94-3D07-4D06-AAFB-4A1F108A6DDA}.Release|Any CPU.ActiveCfg = Release|Any CPU
	EndGlobalSection
	GlobalSection(SolutionProperties) = preSolution
		HideSolutionNode = FALSE
	EndGlobalSection
	GlobalSection(ExtensibilityGlobals) = postSolution
		SolutionGuid = {5FC7C23A-304F-42CB-A606-F99633637DC8}
	EndGlobalSection
EndGlobal
